
Microsoft Visual Studio Solution File, Format Version 12.00
# Visual Studio 15
Project("{FAE04EC0-301F-11D3-BF4B-00C04F79EFBC}") = "MineGame", "MineGame\MineGame.csproj", "{66EA2E0D-D395-43FE-A284-D5CE5479260B}"
EndProject
Project("{FAE04EC0-301F-11D3-BF4B-00C04F79EFBC}") = "MineGameTest", "MineGameTest\MineGameTest.csproj", "{CD8E9D8A-EF49-4F2A-9A5C-4F2FA9274BEC}"
EndProject
Project("{FAE04EC0-301F-11D3-BF4B-00C04F79EFBC}") = "TestFeatures", "TestFeatures\TestFeatures.csproj", "{9D471982-50FD-49AB-8716-CA8E326F5C02}"
EndProject
Project("{2150E333-8FDC-42A3-9474-1A3956D46DE8}") = "Solution Items", "Solution Items", "{E133F2E5-E092-4AE0-AF6B-1A69F6E6F9C6}"
	ProjectSection(SolutionItems) = preProject
		Log.txt = Log.txt
	EndProjectSection
EndProject
Global
	GlobalSection(SolutionConfigurationPlatforms) = preSolution
		Debug|x86 = Debug|x86
		Release|x86 = Release|x86
	EndGlobalSection
	GlobalSection(ProjectConfigurationPlatforms) = postSolution
		{66EA2E0D-D395-43FE-A284-D5CE5479260B}.Debug|x86.ActiveCfg = Debug|x86
		{66EA2E0D-D395-43FE-A284-D5CE5479260B}.Debug|x86.Build.0 = Debug|x86
		{66EA2E0D-D395-43FE-A284-D5CE5479260B}.Release|x86.ActiveCfg = Release|x86
		{66EA2E0D-D395-43FE-A284-D5CE5479260B}.Release|x86.Build.0 = Release|x86
		{CD8E9D8A-EF49-4F2A-9A5C-4F2FA9274BEC}.Debug|x86.ActiveCfg = Debug|Any CPU
		{CD8E9D8A-EF49-4F2A-9A5C-4F2FA9274BEC}.Debug|x86.Build.0 = Debug|Any CPU
		{CD8E9D8A-EF49-4F2A-9A5C-4F2FA9274BEC}.Release|x86.ActiveCfg = Release|Any CPU
		{CD8E9D8A-EF49-4F2A-9A5C-4F2FA9274BEC}.Release|x86.Build.0 = Release|Any CPU
		{9D471982-50FD-49AB-8716-CA8E326F5C02}.Debug|x86.ActiveCfg = Debug|x86
		{9D471982-50FD-49AB-8716-CA8E326F5C02}.Debug|x86.Build.0 = Debug|x86
		{9D471982-50FD-49AB-8716-CA8E326F5C02}.Release|x86.ActiveCfg = Release|x86
		{9D471982-50FD-49AB-8716-CA8E326F5C02}.Release|x86.Build.0 = Release|x86
	EndGlobalSection
	GlobalSection(MonoDevelopProperties) = preSolution
		Policies = $0
		$0.DotNetNamingPolicy = $1
		$1.DirectoryNamespaceAssociation = PrefixedHierarchical
		$0.TextStylePolicy = $2
		$2.FileWidth = 80
		$2.scope = text/plain
	EndGlobalSection
EndGlobal
